
Microsoft Visual Studio Solution File, Format Version 12.00
# Visual Studio Version 17
VisualStudioVersion = 17.2.32516.85
MinimumVisualStudioVersion = 10.0.40219.1
Project("{FAE04EC0-301F-11D3-BF4B-00C04F79EFBC}") = "MobileShop", "MobileShop\MobileShop.csproj", "{968834AB-4DF4-4E44-895C-972A51B76617}"
EndProject
Global
	GlobalSection(SolutionConfigurationPlatforms) = preSolution
		Debug|Any CPU = Debug|Any CPU
		Release|Any CPU = Release|Any CPU
	EndGlobalSection
	GlobalSection(ProjectConfigurationPlatforms) = postSolution
		{968834AB-4DF4-4E44-895C-972A51B76617}.Debug|Any CPU.ActiveCfg = Debug|Any CPU
		{968834AB-4DF4-4E44-895C-972A51B76617}.Debug|Any CPU.Build.0 = Debug|Any CPU
		{968834AB-4DF4-4E44-895C-972A51B76617}.Release|Any CPU.ActiveCfg = Release|Any CPU
		{968834AB-4DF4-4E44-895C-972A51B76617}.Release|Any CPU.Build.0 = Release|Any CPU
	EndGlobalSection
	GlobalSection(SolutionProperties) = preSolution
		HideSolutionNode = FALSE
	EndGlobalSection
	GlobalSection(ExtensibilityGlobals) = postSolution
		SolutionGuid = {DCEDA438-C727-4C78-8E7E-F0588E25A747}
	EndGlobalSection
EndGlobal
